{
  "requires": true,
  "lockfileVersion": 1,
  "dependencies": {
    "ansi-styles": {
      "version": "4.3.0",
      "resolved": "https://registry.nlark.com/ansi-styles/download/ansi-styles-4.3.0.tgz?cache=0&sync_timestamp=1618995625950&other_urls=https%3A%2F%2Fregistry.nlark.com%2Fansi-styles%2Fdownload%2Fansi-styles-4.3.0.tgz",
      "integrity": "sha1-7dgDYornHATIWuegkG7a00tkiTc=",
      "requires": {
        "color-convert": "^2.0.1"
      }
    },
    "chalk": {
      "version": "4.1.2",
      "resolved": "https://registry.nlark.com/chalk/download/chalk-4.1.2.tgz",
      "integrity": "sha1-qsTit3NKdAhnrrFr8CqtVWoeegE=",
      "requires": {
        "ansi-styles": "^4.1.0",
        "supports-color": "^7.1.0"
      }
    },
    "color-convert": {
      "version": "2.0.1",
      "resolved": "https://registry.npm.taobao.org/color-convert/download/color-convert-2.0.1.tgz",
      "integrity": "sha1-ctOmjVmMm9s68q0ehPIdiWq9TeM=",
      "requires": {
        "color-name": "~1.1.4"
      }
    },
    "color-name": {
      "version": "1.1.4",
      "resolved": "https://registry.npm.taobao.org/color-name/download/color-name-1.1.4.tgz",
      "integrity": "sha1-wqCah6y95pVD3m9j+jmVyCbFNqI="
    },
    "define-lazy-prop": {
      "version": "2.0.0",
      "resolved": "https://registry.npm.taobao.org/define-lazy-prop/download/define-lazy-prop-2.0.0.tgz?cache=0&sync_timestamp=1618387627365&other_urls=https%3A%2F%2Fregistry.npm.taobao.org%2Fdefine-lazy-prop%2Fdownload%2Fdefine-lazy-prop-2.0.0.tgz",
      "integrity": "sha1-P3rkIRKbyqrJvHSQXJigAJ7J7n8=",
      "dev": true
    },
    "has-flag": {
      "version": "4.0.0",
      "resolved": "https://registry.nlark.com/has-flag/download/has-flag-4.0.0.tgz",
      "integrity": "sha1-lEdx/ZyByBJlxNaUGGDaBrtZR5s="
    },
    "is-docker": {
      "version": "2.2.1",
      "resolved": "https://registry.nlark.com/is-docker/download/is-docker-2.2.1.tgz?cache=0&sync_timestamp=1630451108035&other_urls=https%3A%2F%2Fregistry.nlark.com%2Fis-docker%2Fdownload%2Fis-docker-2.2.1.tgz",
      "integrity": "sha1-M+6r4jz+hvFL3kQIoCwM+4U6zao=",
      "dev": true
    },
    "is-wsl": {
      "version": "2.2.0",
      "resolved": "https://registry.npm.taobao.org/is-wsl/download/is-wsl-2.2.0.tgz?cache=0&sync_timestamp=1588494180082&other_urls=https%3A%2F%2Fregistry.npm.taobao.org%2Fis-wsl%2Fdownload%2Fis-wsl-2.2.0.tgz",
      "integrity": "sha1-dKTHbnfKn9P5MvKQwX6jJs0VcnE=",
      "dev": true,
      "requires": {
        "is-docker": "^2.0.0"
      }
    },
    "open": {
      "version": "8.2.1",
      "resolved": "https://registry.nlark.com/open/download/open-8.2.1.tgz",
      "integrity": "sha1-gt5C2gzL9Cm8EtCZ2tLgl14U6K8=",
      "dev": true,
      "requires": {
        "define-lazy-prop": "^2.0.0",
        "is-docker": "^2.1.1",
        "is-wsl": "^2.2.0"
      }
    },
    "supports-color": {
      "version": "7.2.0",
      "resolved": "https://registry.nlark.com/supports-color/download/supports-color-7.2.0.tgz?cache=0&sync_timestamp=1626703342506&other_urls=https%3A%2F%2Fregistry.nlark.com%2Fsupports-color%2Fdownload%2Fsupports-color-7.2.0.tgz",
      "integrity": "sha1-G33NyzK4E4gBs+R4umpRyqiWSNo=",
      "requires": {
        "has-flag": "^4.0.0"
      }
    }
  }
}
